
Microsoft Visual Studio Solution File, Format Version 12.00
# Visual Studio Version 17
VisualStudioVersion = 17.14.36401.2 d17.14
MinimumVisualStudioVersion = 10.0.40219.1
Project("{FAE04EC0-301F-11D3-BF4B-00C04F79EFBC}") = "Smart_Batch_Scada", "Smart_Batch_Scada\Smart_Batch_Scada.csproj", "{993F7721-77CE-45FE-9BC2-67E813065BF3}"
EndProject
Global
	GlobalSection(SolutionConfigurationPlatforms) = preSolution
		Debug|Any CPU = Debug|Any CPU
		Release|Any CPU = Release|Any CPU
	EndGlobalSection
	GlobalSection(ProjectConfigurationPlatforms) = postSolution
		{993F7721-77CE-45FE-9BC2-67E813065BF3}.Debug|Any CPU.ActiveCfg = Debug|Any CPU
		{993F7721-77CE-45FE-9BC2-67E813065BF3}.Debug|Any CPU.Build.0 = Debug|Any CPU
		{993F7721-77CE-45FE-9BC2-67E813065BF3}.Release|Any CPU.ActiveCfg = Release|Any CPU
		{993F7721-77CE-45FE-9BC2-67E813065BF3}.Release|Any CPU.Build.0 = Release|Any CPU
	EndGlobalSection
	GlobalSection(SolutionProperties) = preSolution
		HideSolutionNode = FALSE
	EndGlobalSection
	GlobalSection(ExtensibilityGlobals) = postSolution
		SolutionGuid = {4AF19A72-86AC-4BAC-9564-FE45B55EFA33}
	EndGlobalSection
EndGlobal
